# THIS IS AN AUTOGENERATED FILE. DO NOT EDIT THIS FILE DIRECTLY.
# yarn lockfile v1


"@esbuild/aix-ppc64@0.21.5":
  version "0.21.5"
  resolved "https://azuredevops.fleetcor.com.br/Fleetcor/TPS/_packaging/appsemparar/npm/registry/@esbuild/aix-ppc64/-/aix-ppc64-0.21.5.tgz#c7184a326533fcdf1b8ee0733e21c713b975575f"
  integrity sha1-xxhKMmUz/N8bjuBzPiHHE7l1V18=

"@esbuild/android-arm64@0.21.5":
  version "0.21.5"
  resolved "https://azuredevops.fleetcor.com.br/Fleetcor/TPS/_packaging/appsemparar/npm/registry/@esbuild/android-arm64/-/android-arm64-0.21.5.tgz#09d9b4357780da9ea3a7dfb833a1f1ff439b4052"
  integrity sha1-Cdm0NXeA2p6jp9+4M6Hx/0ObQFI=

"@esbuild/android-arm@0.21.5":
  version "0.21.5"
  resolved "https://azuredevops.fleetcor.com.br/Fleetcor/TPS/_packaging/appsemparar/npm/registry/@esbuild/android-arm/-/android-arm-0.21.5.tgz#9b04384fb771926dfa6d7ad04324ecb2ab9b2e28"
  integrity sha1-mwQ4T7dxkm36bXrQQyTssqubLig=

"@esbuild/android-x64@0.21.5":
  version "0.21.5"
  resolved "https://azuredevops.fleetcor.com.br/Fleetcor/TPS/_packaging/appsemparar/npm/registry/@esbuild/android-x64/-/android-x64-0.21.5.tgz#29918ec2db754cedcb6c1b04de8cd6547af6461e"
  integrity sha1-KZGOwtt1TO3LbBsE3ozWVHr2Rh4=

"@esbuild/darwin-arm64@0.21.5":
  version "0.21.5"
  resolved "https://azuredevops.fleetcor.com.br/Fleetcor/TPS/_packaging/appsemparar/npm/registry/@esbuild/darwin-arm64/-/darwin-arm64-0.21.5.tgz#e495b539660e51690f3928af50a76fb0a6ccff2a"
  integrity sha1-5JW1OWYOUWkPOSivUKdvsKbM/yo=

"@esbuild/darwin-x64@0.21.5":
  version "0.21.5"
  resolved "https://azuredevops.fleetcor.com.br/Fleetcor/TPS/_packaging/appsemparar/npm/registry/@esbuild/darwin-x64/-/darwin-x64-0.21.5.tgz#c13838fa57372839abdddc91d71542ceea2e1e22"
  integrity sha1-wTg4+lc3KDmr3dyR1xVCzuouHiI=

"@esbuild/freebsd-arm64@0.21.5":
  version "0.21.5"
  resolved "https://azuredevops.fleetcor.com.br/Fleetcor/TPS/_packaging/appsemparar/npm/registry/@esbuild/freebsd-arm64/-/freebsd-arm64-0.21.5.tgz#646b989aa20bf89fd071dd5dbfad69a3542e550e"
  integrity sha1-ZGuYmqIL+J/Qcd1dv61po1QuVQ4=

"@esbuild/freebsd-x64@0.21.5":
  version "0.21.5"
  resolved "https://azuredevops.fleetcor.com.br/Fleetcor/TPS/_packaging/appsemparar/npm/registry/@esbuild/freebsd-x64/-/freebsd-x64-0.21.5.tgz#aa615cfc80af954d3458906e38ca22c18cf5c261"
  integrity sha1-qmFc/ICvlU00WJBuOMoiwYz1wmE=

"@esbuild/linux-arm64@0.21.5":
  version "0.21.5"
  resolved "https://azuredevops.fleetcor.com.br/Fleetcor/TPS/_packaging/appsemparar/npm/registry/@esbuild/linux-arm64/-/linux-arm64-0.21.5.tgz#70ac6fa14f5cb7e1f7f887bcffb680ad09922b5b"
  integrity sha1-cKxvoU9ct+H3+Ie8/7aArQmSK1s=

"@esbuild/linux-arm@0.21.5":
  version "0.21.5"
  resolved "https://azuredevops.fleetcor.com.br/Fleetcor/TPS/_packaging/appsemparar/npm/registry/@esbuild/linux-arm/-/linux-arm-0.21.5.tgz#fc6fd11a8aca56c1f6f3894f2bea0479f8f626b9"
  integrity sha1-/G/RGorKVsH284lPK+oEefj2Jrk=

"@esbuild/linux-ia32@0.21.5":
  version "0.21.5"
  resolved "https://azuredevops.fleetcor.com.br/Fleetcor/TPS/_packaging/appsemparar/npm/registry/@esbuild/linux-ia32/-/linux-ia32-0.21.5.tgz#3271f53b3f93e3d093d518d1649d6d68d346ede2"
  integrity sha1-MnH1Oz+T49CT1RjRZJ1taNNG7eI=

"@esbuild/linux-loong64@0.21.5":
  version "0.21.5"
  resolved "https://azuredevops.fleetcor.com.br/Fleetcor/TPS/_packaging/appsemparar/npm/registry/@esbuild/linux-loong64/-/linux-loong64-0.21.5.tgz#ed62e04238c57026aea831c5a130b73c0f9f26df"
  integrity sha1-7WLgQjjFcCauqDHFoTC3PA+fJt8=

"@esbuild/linux-mips64el@0.21.5":
  version "0.21.5"
  resolved "https://azuredevops.fleetcor.com.br/Fleetcor/TPS/_packaging/appsemparar/npm/registry/@esbuild/linux-mips64el/-/linux-mips64el-0.21.5.tgz#e79b8eb48bf3b106fadec1ac8240fb97b4e64cbe"
  integrity sha1-55uOtIvzsQb63sGsgkD7l7TmTL4=

"@esbuild/linux-ppc64@0.21.5":
  version "0.21.5"
  resolved "https://azuredevops.fleetcor.com.br/Fleetcor/TPS/_packaging/appsemparar/npm/registry/@esbuild/linux-ppc64/-/linux-ppc64-0.21.5.tgz#5f2203860a143b9919d383ef7573521fb154c3e4"
  integrity sha1-XyIDhgoUO5kZ04PvdXNSH7FUw+Q=

"@esbuild/linux-riscv64@0.21.5":
  version "0.21.5"
  resolved "https://azuredevops.fleetcor.com.br/Fleetcor/TPS/_packaging/appsemparar/npm/registry/@esbuild/linux-riscv64/-/linux-riscv64-0.21.5.tgz#07bcafd99322d5af62f618cb9e6a9b7f4bb825dc"
  integrity sha1-B7yv2ZMi1a9i9hjLnmqbf0u4Jdw=

"@esbuild/linux-s390x@0.21.5":
  version "0.21.5"
  resolved "https://azuredevops.fleetcor.com.br/Fleetcor/TPS/_packaging/appsemparar/npm/registry/@esbuild/linux-s390x/-/linux-s390x-0.21.5.tgz#b7ccf686751d6a3e44b8627ababc8be3ef62d8de"
  integrity sha1-t8z2hnUdaj5EuGJ6uryL4+9i2N4=

"@esbuild/linux-x64@0.21.5":
  version "0.21.5"
  resolved "https://azuredevops.fleetcor.com.br/Fleetcor/TPS/_packaging/appsemparar/npm/registry/@esbuild/linux-x64/-/linux-x64-0.21.5.tgz#6d8f0c768e070e64309af8004bb94e68ab2bb3b0"
  integrity sha1-bY8Mdo4HDmQwmvgAS7lOaKsrs7A=

"@esbuild/netbsd-x64@0.21.5":
  version "0.21.5"
  resolved "https://azuredevops.fleetcor.com.br/Fleetcor/TPS/_packaging/appsemparar/npm/registry/@esbuild/netbsd-x64/-/netbsd-x64-0.21.5.tgz#bbe430f60d378ecb88decb219c602667387a6047"
  integrity sha1-u+Qw9g03jsuI3sshnGAmZzh6YEc=

"@esbuild/openbsd-x64@0.21.5":
  version "0.21.5"
  resolved "https://azuredevops.fleetcor.com.br/Fleetcor/TPS/_packaging/appsemparar/npm/registry/@esbuild/openbsd-x64/-/openbsd-x64-0.21.5.tgz#99d1cf2937279560d2104821f5ccce220cb2af70"
  integrity sha1-mdHPKTcnlWDSEEgh9czOIgyyr3A=

"@esbuild/sunos-x64@0.21.5":
  version "0.21.5"
  resolved "https://azuredevops.fleetcor.com.br/Fleetcor/TPS/_packaging/appsemparar/npm/registry/@esbuild/sunos-x64/-/sunos-x64-0.21.5.tgz#08741512c10d529566baba837b4fe052c8f3487b"
  integrity sha1-CHQVEsENUpVmurqDe0/gUsjzSHs=

"@esbuild/win32-arm64@0.21.5":
  version "0.21.5"
  resolved "https://azuredevops.fleetcor.com.br/Fleetcor/TPS/_packaging/appsemparar/npm/registry/@esbuild/win32-arm64/-/win32-arm64-0.21.5.tgz#675b7385398411240735016144ab2e99a60fc75d"
  integrity sha1-Z1tzhTmEESQHNQFhRKsumaYPx10=

"@esbuild/win32-ia32@0.21.5":
  version "0.21.5"
  resolved "https://azuredevops.fleetcor.com.br/Fleetcor/TPS/_packaging/appsemparar/npm/registry/@esbuild/win32-ia32/-/win32-ia32-0.21.5.tgz#1bfc3ce98aa6ca9a0969e4d2af72144c59c1193b"
  integrity sha1-G/w86YqmypoJaeTSr3IUTFnBGTs=

"@esbuild/win32-x64@0.21.5":
  version "0.21.5"
  resolved "https://azuredevops.fleetcor.com.br/Fleetcor/TPS/_packaging/appsemparar/npm/registry/@esbuild/win32-x64/-/win32-x64-0.21.5.tgz#acad351d582d157bb145535db2a6ff53dd514b5c"
  integrity sha1-rK01HVgtFXuxRVNdsqb/U91RS1w=

"@fastify/ajv-compiler@^3.5.0":
  version "3.6.0"
  resolved "https://azuredevops.fleetcor.com.br/Fleetcor/TPS/_packaging/appsemparar/npm/registry/@fastify/ajv-compiler/-/ajv-compiler-3.6.0.tgz"
  integrity sha1-kHSXoOYqQrEGzhbiec9XiISOjnk=
  dependencies:
    ajv "^8.11.0"
    ajv-formats "^2.1.1"
    fast-uri "^2.0.0"

"@fastify/cors@^9.0.1":
  version "9.0.1"
  resolved "https://azuredevops.fleetcor.com.br/Fleetcor/TPS/_packaging/appsemparar/npm/registry/@fastify/cors/-/cors-9.0.1.tgz"
  integrity sha1-ndthtKYeAnScXFTKKfHGRnlBRb4=
  dependencies:
    fastify-plugin "^4.0.0"
    mnemonist "0.39.6"

"@fastify/error@^3.3.0", "@fastify/error@^3.4.0":
  version "3.4.1"
  resolved "https://azuredevops.fleetcor.com.br/Fleetcor/TPS/_packaging/appsemparar/npm/registry/@fastify/error/-/error-3.4.1.tgz"
  integrity sha1-sUu0ysPdTsYUvsvGQ9FREzGmQlw=

"@fastify/fast-json-stringify-compiler@^4.3.0":
  version "4.3.0"
  resolved "https://azuredevops.fleetcor.com.br/Fleetcor/TPS/_packaging/appsemparar/npm/registry/@fastify/fast-json-stringify-compiler/-/fast-json-stringify-compiler-4.3.0.tgz"
  integrity sha1-XfifpNFZLLuHgPeJmDVf60cWRtU=
  dependencies:
    fast-json-stringify "^5.7.0"

"@fastify/merge-json-schemas@^0.1.0":
  version "0.1.1"
  resolved "https://azuredevops.fleetcor.com.br/Fleetcor/TPS/_packaging/appsemparar/npm/registry/@fastify/merge-json-schemas/-/merge-json-schemas-0.1.1.tgz"
  integrity sha1-NVGFe4oXok6MeZ6fUXle2we6oLw=
  dependencies:
    fast-deep-equal "^3.1.3"

"@types/node@^20.14.9":
  version "20.14.9"
  resolved "https://azuredevops.fleetcor.com.br/Fleetcor/TPS/_packaging/appsemparar/npm/registry/@types/node/-/node-20.14.9.tgz#12e8e765ab27f8c421a1820c99f5f313a933b420"
  integrity sha1-EujnZasn+MQhoYIMmfXzE6kztCA=
  dependencies:
    undici-types "~5.26.4"

abort-controller@^3.0.0:
  version "3.0.0"
  resolved "https://azuredevops.fleetcor.com.br/Fleetcor/TPS/_packaging/appsemparar/npm/registry/abort-controller/-/abort-controller-3.0.0.tgz"
  integrity sha1-6vVNU7YrrkE46AnKIlyEOabvs5I=
  dependencies:
    event-target-shim "^5.0.0"

abstract-logging@^2.0.1:
  version "2.0.1"
  resolved "https://azuredevops.fleetcor.com.br/Fleetcor/TPS/_packaging/appsemparar/npm/registry/abstract-logging/-/abstract-logging-2.0.1.tgz"
  integrity sha1-aww3HfIS23EptX0uf88oK4vxyDk=

ajv-formats@^2.1.1:
  version "2.1.1"
  resolved "https://azuredevops.fleetcor.com.br/Fleetcor/TPS/_packaging/appsemparar/npm/registry/ajv-formats/-/ajv-formats-2.1.1.tgz"
  integrity sha1-bmaUAGWet0lzu/LjMycYCgmWtSA=
  dependencies:
    ajv "^8.0.0"

ajv-formats@^3.0.1:
  version "3.0.1"
  resolved "https://azuredevops.fleetcor.com.br/Fleetcor/TPS/_packaging/appsemparar/npm/registry/ajv-formats/-/ajv-formats-3.0.1.tgz"
  integrity sha1-PV3HYryhdnnDwup+kK1rdTIwlXg=
  dependencies:
    ajv "^8.0.0"

ajv@^8.0.0, ajv@^8.10.0, ajv@^8.11.0:
  version "8.16.0"
  resolved "https://azuredevops.fleetcor.com.br/Fleetcor/TPS/_packaging/appsemparar/npm/registry/ajv/-/ajv-8.16.0.tgz"
  integrity sha1-IuKpK5TwBffg+cnTllLvC49vDLQ=
  dependencies:
    fast-deep-equal "^3.1.3"
    json-schema-traverse "^1.0.0"
    require-from-string "^2.0.2"
    uri-js "^4.4.1"

atomic-sleep@^1.0.0:
  version "1.0.0"
  resolved "https://azuredevops.fleetcor.com.br/Fleetcor/TPS/_packaging/appsemparar/npm/registry/atomic-sleep/-/atomic-sleep-1.0.0.tgz"
  integrity sha1-64W3emAfyTLP5DLFrNNkqeLJB1s=

avvio@^8.3.0:
  version "8.3.2"
  resolved "https://azuredevops.fleetcor.com.br/Fleetcor/TPS/_packaging/appsemparar/npm/registry/avvio/-/avvio-8.3.2.tgz"
  integrity sha1-y1hEphLoQh0fOu+Ile9/oS9zVj8=
  dependencies:
    "@fastify/error" "^3.3.0"
    fastq "^1.17.1"

base64-js@^1.3.1:
  version "1.5.1"
  resolved "https://azuredevops.fleetcor.com.br/Fleetcor/TPS/_packaging/appsemparar/npm/registry/base64-js/-/base64-js-1.5.1.tgz"
  integrity sha1-GxtEAWClv3rUC2UPCVljSBkDkwo=

buffer@^6.0.3:
  version "6.0.3"
  resolved "https://azuredevops.fleetcor.com.br/Fleetcor/TPS/_packaging/appsemparar/npm/registry/buffer/-/buffer-6.0.3.tgz"
  integrity sha1-Ks5XhFnMj74qcKqo9S7mO2p0xsY=
  dependencies:
    base64-js "^1.3.1"
    ieee754 "^1.2.1"

cookie@^0.6.0:
  version "0.6.0"
  resolved "https://azuredevops.fleetcor.com.br/Fleetcor/TPS/_packaging/appsemparar/npm/registry/cookie/-/cookie-0.6.0.tgz"
  integrity sha1-J5iwSwcbDsv/DbtipQWo76ThkFE=

esbuild@~0.21.5:
  version "0.21.5"
  resolved "https://azuredevops.fleetcor.com.br/Fleetcor/TPS/_packaging/appsemparar/npm/registry/esbuild/-/esbuild-0.21.5.tgz#9ca301b120922959b766360d8ac830da0d02997d"
  integrity sha1-nKMBsSCSKVm3ZjYNisgw2g0CmX0=
  optionalDependencies:
    "@esbuild/aix-ppc64" "0.21.5"
    "@esbuild/android-arm" "0.21.5"
    "@esbuild/android-arm64" "0.21.5"
    "@esbuild/android-x64" "0.21.5"
    "@esbuild/darwin-arm64" "0.21.5"
    "@esbuild/darwin-x64" "0.21.5"
    "@esbuild/freebsd-arm64" "0.21.5"
    "@esbuild/freebsd-x64" "0.21.5"
    "@esbuild/linux-arm" "0.21.5"
    "@esbuild/linux-arm64" "0.21.5"
    "@esbuild/linux-ia32" "0.21.5"
    "@esbuild/linux-loong64" "0.21.5"
    "@esbuild/linux-mips64el" "0.21.5"
    "@esbuild/linux-ppc64" "0.21.5"
    "@esbuild/linux-riscv64" "0.21.5"
    "@esbuild/linux-s390x" "0.21.5"
    "@esbuild/linux-x64" "0.21.5"
    "@esbuild/netbsd-x64" "0.21.5"
    "@esbuild/openbsd-x64" "0.21.5"
    "@esbuild/sunos-x64" "0.21.5"
    "@esbuild/win32-arm64" "0.21.5"
    "@esbuild/win32-ia32" "0.21.5"
    "@esbuild/win32-x64" "0.21.5"

event-target-shim@^5.0.0:
  version "5.0.1"
  resolved "https://azuredevops.fleetcor.com.br/Fleetcor/TPS/_packaging/appsemparar/npm/registry/event-target-shim/-/event-target-shim-5.0.1.tgz"
  integrity sha1-XU0+vflYPWOlMzzi3rdICrKwV4k=

events@^3.3.0:
  version "3.3.0"
  resolved "https://azuredevops.fleetcor.com.br/Fleetcor/TPS/_packaging/appsemparar/npm/registry/events/-/events-3.3.0.tgz"
  integrity sha1-Mala0Kkk4tLEGagTrrLE6HjqdAA=

fast-content-type-parse@^1.1.0:
  version "1.1.0"
  resolved "https://azuredevops.fleetcor.com.br/Fleetcor/TPS/_packaging/appsemparar/npm/registry/fast-content-type-parse/-/fast-content-type-parse-1.1.0.tgz"
  integrity sha1-QIcWK/WvMpTUcm/ymzNPcuOhCSw=

fast-decode-uri-component@^1.0.1:
  version "1.0.1"
  resolved "https://azuredevops.fleetcor.com.br/Fleetcor/TPS/_packaging/appsemparar/npm/registry/fast-decode-uri-component/-/fast-decode-uri-component-1.0.1.tgz"
  integrity sha1-Rvi2wisw/3qBNX1PWav66TggJUM=

fast-deep-equal@^3.1.3:
  version "3.1.3"
  resolved "https://azuredevops.fleetcor.com.br/Fleetcor/TPS/_packaging/appsemparar/npm/registry/fast-deep-equal/-/fast-deep-equal-3.1.3.tgz"
  integrity sha1-On1WtVnWy8PrUSMlJE5hmmXGxSU=

fast-json-stringify@^5.7.0, fast-json-stringify@^5.8.0:
  version "5.16.1"
  resolved "https://azuredevops.fleetcor.com.br/Fleetcor/TPS/_packaging/appsemparar/npm/registry/fast-json-stringify/-/fast-json-stringify-5.16.1.tgz"
  integrity sha1-ptDFdSMaOgjDdqABcddXNy8spG4=
  dependencies:
    "@fastify/merge-json-schemas" "^0.1.0"
    ajv "^8.10.0"
    ajv-formats "^3.0.1"
    fast-deep-equal "^3.1.3"
    fast-uri "^2.1.0"
    json-schema-ref-resolver "^1.0.1"
    rfdc "^1.2.0"

fast-querystring@^1.0.0:
  version "1.1.2"
  resolved "https://azuredevops.fleetcor.com.br/Fleetcor/TPS/_packaging/appsemparar/npm/registry/fast-querystring/-/fast-querystring-1.1.2.tgz"
  integrity sha1-ptJJN7T8b3kbTuMdy29Trq+4n1M=
  dependencies:
    fast-decode-uri-component "^1.0.1"

fast-redact@^3.1.1:
  version "3.5.0"
  resolved "https://azuredevops.fleetcor.com.br/Fleetcor/TPS/_packaging/appsemparar/npm/registry/fast-redact/-/fast-redact-3.5.0.tgz"
  integrity sha1-6eoC9+V9DNhDgYAIPpMHfkliheQ=

fast-uri@^2.0.0, fast-uri@^2.1.0:
  version "2.4.0"
  resolved "https://azuredevops.fleetcor.com.br/Fleetcor/TPS/_packaging/appsemparar/npm/registry/fast-uri/-/fast-uri-2.4.0.tgz"
  integrity sha1-Z+rm+76fJTOdXT9MQjR4e2XX1V4=

fastify-plugin@^4.0.0:
  version "4.5.1"
  resolved "https://azuredevops.fleetcor.com.br/Fleetcor/TPS/_packaging/appsemparar/npm/registry/fastify-plugin/-/fastify-plugin-4.5.1.tgz"
  integrity sha1-RNxqPMLM4JiLwJ4T8WASC72R2+4=

fastify@^4.28.1:
  version "4.28.1"
  resolved "https://azuredevops.fleetcor.com.br/Fleetcor/TPS/_packaging/appsemparar/npm/registry/fastify/-/fastify-4.28.1.tgz"
  integrity sha1-OWJt7fRF1wLvA4GNozBkRAtGnNE=
  dependencies:
    "@fastify/ajv-compiler" "^3.5.0"
    "@fastify/error" "^3.4.0"
    "@fastify/fast-json-stringify-compiler" "^4.3.0"
    abstract-logging "^2.0.1"
    avvio "^8.3.0"
    fast-content-type-parse "^1.1.0"
    fast-json-stringify "^5.8.0"
    find-my-way "^8.0.0"
    light-my-request "^5.11.0"
    pino "^9.0.0"
    process-warning "^3.0.0"
    proxy-addr "^2.0.7"
    rfdc "^1.3.0"
    secure-json-parse "^2.7.0"
    semver "^7.5.4"
    toad-cache "^3.3.0"

fastq@^1.17.1:
  version "1.17.1"
  resolved "https://azuredevops.fleetcor.com.br/Fleetcor/TPS/_packaging/appsemparar/npm/registry/fastq/-/fastq-1.17.1.tgz"
  integrity sha1-KlI/B6TnsegaQrkbi/IlQQd1O0c=
  dependencies:
    reusify "^1.0.4"

find-my-way@^8.0.0:
  version "8.2.0"
  resolved "https://azuredevops.fleetcor.com.br/Fleetcor/TPS/_packaging/appsemparar/npm/registry/find-my-way/-/find-my-way-8.2.0.tgz"
  integrity sha1-7xuD0AgRSjABGMnHB9jcZZR9mWA=
  dependencies:
    fast-deep-equal "^3.1.3"
    fast-querystring "^1.0.0"
    safe-regex2 "^3.1.0"

forwarded@0.2.0:
  version "0.2.0"
  resolved "https://azuredevops.fleetcor.com.br/Fleetcor/TPS/_packaging/appsemparar/npm/registry/forwarded/-/forwarded-0.2.0.tgz"
  integrity sha1-ImmTZCiq1MFcfr6XeahL8LKoGBE=

fsevents@~2.3.3:
  version "2.3.3"
  resolved "https://azuredevops.fleetcor.com.br/Fleetcor/TPS/_packaging/appsemparar/npm/registry/fsevents/-/fsevents-2.3.3.tgz#cac6407785d03675a2a5e1a5305c697b347d90d6"
  integrity sha1-ysZAd4XQNnWipeGlMFxpezR9kNY=

get-tsconfig@^4.7.5:
  version "4.7.5"
  resolved "https://azuredevops.fleetcor.com.br/Fleetcor/TPS/_packaging/appsemparar/npm/registry/get-tsconfig/-/get-tsconfig-4.7.5.tgz#5e012498579e9a6947511ed0cd403272c7acbbaf"
  integrity sha1-XgEkmFeemmlHUR7QzUAycsesu68=
  dependencies:
    resolve-pkg-maps "^1.0.0"

ieee754@^1.2.1:
  version "1.2.1"
  resolved "https://azuredevops.fleetcor.com.br/Fleetcor/TPS/_packaging/appsemparar/npm/registry/ieee754/-/ieee754-1.2.1.tgz"
  integrity sha1-jrehCmP/8l0VpXsAFYbRd9Gw01I=

ipaddr.js@1.9.1:
  version "1.9.1"
  resolved "https://azuredevops.fleetcor.com.br/Fleetcor/TPS/_packaging/appsemparar/npm/registry/ipaddr.js/-/ipaddr.js-1.9.1.tgz"
  integrity sha1-v/OFQ+64mEglB5/zoqjmy9RngbM=

json-schema-ref-resolver@^1.0.1:
  version "1.0.1"
  resolved "https://azuredevops.fleetcor.com.br/Fleetcor/TPS/_packaging/appsemparar/npm/registry/json-schema-ref-resolver/-/json-schema-ref-resolver-1.0.1.tgz"
  integrity sha1-ZYb0g7diVHhPwdISD3F73J8Kmb8=
  dependencies:
    fast-deep-equal "^3.1.3"

json-schema-traverse@^1.0.0:
  version "1.0.0"
  resolved "https://azuredevops.fleetcor.com.br/Fleetcor/TPS/_packaging/appsemparar/npm/registry/json-schema-traverse/-/json-schema-traverse-1.0.0.tgz"
  integrity sha1-rnvLNlard6c7pcSb9lTzjmtoYOI=

light-my-request@^5.11.0:
  version "5.13.0"
  resolved "https://azuredevops.fleetcor.com.br/Fleetcor/TPS/_packaging/appsemparar/npm/registry/light-my-request/-/light-my-request-5.13.0.tgz"
  integrity sha1-spkF5V6GBbd/7iqUbheyGbyjURM=
  dependencies:
    cookie "^0.6.0"
    process-warning "^3.0.0"
    set-cookie-parser "^2.4.1"

mnemonist@0.39.6:
  version "0.39.6"
  resolved "https://azuredevops.fleetcor.com.br/Fleetcor/TPS/_packaging/appsemparar/npm/registry/mnemonist/-/mnemonist-0.39.6.tgz"
  integrity sha1-Czybc4HZ7fbOGVfnSyWorSVzL1c=
  dependencies:
    obliterator "^2.0.1"

obliterator@^2.0.1:
  version "2.0.4"
  resolved "https://azuredevops.fleetcor.com.br/Fleetcor/TPS/_packaging/appsemparar/npm/registry/obliterator/-/obliterator-2.0.4.tgz"
  integrity sha1-+mUOAZstB110XkTx7/6xOirb6BY=

on-exit-leak-free@^2.1.0:
  version "2.1.2"
  resolved "https://azuredevops.fleetcor.com.br/Fleetcor/TPS/_packaging/appsemparar/npm/registry/on-exit-leak-free/-/on-exit-leak-free-2.1.2.tgz"
  integrity sha1-/tGVyevdt9nkw4Qvk/KBrI2t07g=

pino-abstract-transport@^1.2.0:
  version "1.2.0"
  resolved "https://azuredevops.fleetcor.com.br/Fleetcor/TPS/_packaging/appsemparar/npm/registry/pino-abstract-transport/-/pino-abstract-transport-1.2.0.tgz"
  integrity sha1-l/nyYxkx4kLaUxtcZtMHnBLJ0bU=
  dependencies:
    readable-stream "^4.0.0"
    split2 "^4.0.0"

pino-std-serializers@^7.0.0:
  version "7.0.0"
  resolved "https://azuredevops.fleetcor.com.br/Fleetcor/TPS/_packaging/appsemparar/npm/registry/pino-std-serializers/-/pino-std-serializers-7.0.0.tgz"
  integrity sha1-fGJQOLE3GNu9hKtEa9Zz3FIlnjs=

pino@^9.0.0:
  version "9.2.0"
  resolved "https://azuredevops.fleetcor.com.br/Fleetcor/TPS/_packaging/appsemparar/npm/registry/pino/-/pino-9.2.0.tgz"
  integrity sha1-53qVFvOj5VUNm3bZ9lrGEY7wK90=
  dependencies:
    atomic-sleep "^1.0.0"
    fast-redact "^3.1.1"
    on-exit-leak-free "^2.1.0"
    pino-abstract-transport "^1.2.0"
    pino-std-serializers "^7.0.0"
    process-warning "^3.0.0"
    quick-format-unescaped "^4.0.3"
    real-require "^0.2.0"
    safe-stable-stringify "^2.3.1"
    sonic-boom "^4.0.1"
    thread-stream "^3.0.0"

process-warning@^3.0.0:
  version "3.0.0"
  resolved "https://azuredevops.fleetcor.com.br/Fleetcor/TPS/_packaging/appsemparar/npm/registry/process-warning/-/process-warning-3.0.0.tgz"
  integrity sha1-luW4iIQYeh3Ob1wxZtYREyBYcQs=

process@^0.11.10:
  version "0.11.10"
  resolved "https://azuredevops.fleetcor.com.br/Fleetcor/TPS/_packaging/appsemparar/npm/registry/process/-/process-0.11.10.tgz"
  integrity sha1-czIwDoQBYb2j5podHZGn1LwW8YI=

proxy-addr@^2.0.7:
  version "2.0.7"
  resolved "https://azuredevops.fleetcor.com.br/Fleetcor/TPS/_packaging/appsemparar/npm/registry/proxy-addr/-/proxy-addr-2.0.7.tgz"
  integrity sha1-8Z/mnOqzEe65S0LnDowgcPm6ECU=
  dependencies:
    forwarded "0.2.0"
    ipaddr.js "1.9.1"

punycode@^2.1.0:
  version "2.3.1"
  resolved "https://azuredevops.fleetcor.com.br/Fleetcor/TPS/_packaging/appsemparar/npm/registry/punycode/-/punycode-2.3.1.tgz"
  integrity sha1-AnQi4vrsCyXhVJw+G9gwm5EztuU=

quick-format-unescaped@^4.0.3:
  version "4.0.4"
  resolved "https://azuredevops.fleetcor.com.br/Fleetcor/TPS/_packaging/appsemparar/npm/registry/quick-format-unescaped/-/quick-format-unescaped-4.0.4.tgz"
  integrity sha1-k+9t2NNFPLx5cN1hT61MWVTWtac=

readable-stream@^4.0.0:
  version "4.5.2"
  resolved "https://azuredevops.fleetcor.com.br/Fleetcor/TPS/_packaging/appsemparar/npm/registry/readable-stream/-/readable-stream-4.5.2.tgz"
  integrity sha1-nn/ExFCZuu7ZNL/265e6bPJyngk=
  dependencies:
    abort-controller "^3.0.0"
    buffer "^6.0.3"
    events "^3.3.0"
    process "^0.11.10"
    string_decoder "^1.3.0"

real-require@^0.2.0:
  version "0.2.0"
  resolved "https://azuredevops.fleetcor.com.br/Fleetcor/TPS/_packaging/appsemparar/npm/registry/real-require/-/real-require-0.2.0.tgz"
  integrity sha1-IJYy3qGBC+KuBjpqwIT+5+M/ung=

require-from-string@^2.0.2:
  version "2.0.2"
  resolved "https://azuredevops.fleetcor.com.br/Fleetcor/TPS/_packaging/appsemparar/npm/registry/require-from-string/-/require-from-string-2.0.2.tgz"
  integrity sha1-iaf92TgmEmcxjq/hT5wy5ZjDaQk=

resolve-pkg-maps@^1.0.0:
  version "1.0.0"
  resolved "https://azuredevops.fleetcor.com.br/Fleetcor/TPS/_packaging/appsemparar/npm/registry/resolve-pkg-maps/-/resolve-pkg-maps-1.0.0.tgz#616b3dc2c57056b5588c31cdf4b3d64db133720f"
  integrity sha1-YWs9wsVwVrVYjDHN9LPWTbEzcg8=

ret@~0.4.0:
  version "0.4.3"
  resolved "https://azuredevops.fleetcor.com.br/Fleetcor/TPS/_packaging/appsemparar/npm/registry/ret/-/ret-0.4.3.tgz"
  integrity sha1-UkP6MOcEoueKm5sehgeeFYkaqFw=

reusify@^1.0.4:
  version "1.0.4"
  resolved "https://azuredevops.fleetcor.com.br/Fleetcor/TPS/_packaging/appsemparar/npm/registry/reusify/-/reusify-1.0.4.tgz"
  integrity sha1-kNo4Kx4SbvwCFG6QhFqI2xKSXXY=

rfdc@^1.2.0, rfdc@^1.3.0:
  version "1.4.1"
  resolved "https://azuredevops.fleetcor.com.br/Fleetcor/TPS/_packaging/appsemparar/npm/registry/rfdc/-/rfdc-1.4.1.tgz"
  integrity sha1-d492xPtzHZNBTo+SX77PZMzn9so=

safe-buffer@~5.2.0:
  version "5.2.1"
  resolved "https://azuredevops.fleetcor.com.br/Fleetcor/TPS/_packaging/appsemparar/npm/registry/safe-buffer/-/safe-buffer-5.2.1.tgz"
  integrity sha1-Hq+fqb2x/dTsdfWPnNtOa3gn7sY=

safe-regex2@^3.1.0:
  version "3.1.0"
  resolved "https://azuredevops.fleetcor.com.br/Fleetcor/TPS/_packaging/appsemparar/npm/registry/safe-regex2/-/safe-regex2-3.1.0.tgz"
  integrity sha1-/X7COQjixzDhznNZpbcog6h9J2M=
  dependencies:
    ret "~0.4.0"

safe-stable-stringify@^2.3.1:
  version "2.4.3"
  resolved "https://azuredevops.fleetcor.com.br/Fleetcor/TPS/_packaging/appsemparar/npm/registry/safe-stable-stringify/-/safe-stable-stringify-2.4.3.tgz"
  integrity sha1-E4yEtvbts9tfjvPvcRW49VzL+IY=

secure-json-parse@^2.7.0:
  version "2.7.0"
  resolved "https://azuredevops.fleetcor.com.br/Fleetcor/TPS/_packaging/appsemparar/npm/registry/secure-json-parse/-/secure-json-parse-2.7.0.tgz"
  integrity sha1-Wl+c1q5H3yPboxUe3QaFXUfgmGI=

semver@^7.5.4:
  version "7.6.2"
  resolved "https://azuredevops.fleetcor.com.br/Fleetcor/TPS/_packaging/appsemparar/npm/registry/semver/-/semver-7.6.2.tgz"
  integrity sha1-Hjs0dZ+Jbo8U1hNHMs55iusMbhM=

set-cookie-parser@^2.4.1:
  version "2.6.0"
  resolved "https://azuredevops.fleetcor.com.br/Fleetcor/TPS/_packaging/appsemparar/npm/registry/set-cookie-parser/-/set-cookie-parser-2.6.0.tgz"
  integrity sha1-Exkh5Q9i/xpmpGHX1i17IdXRWlE=

sonic-boom@^4.0.1:
  version "4.0.1"
  resolved "https://azuredevops.fleetcor.com.br/Fleetcor/TPS/_packaging/appsemparar/npm/registry/sonic-boom/-/sonic-boom-4.0.1.tgz"
  integrity sha1-UVt87yySkMs2LEU2OI3e7OB67TA=
  dependencies:
    atomic-sleep "^1.0.0"

split2@^4.0.0:
  version "4.2.0"
  resolved "https://azuredevops.fleetcor.com.br/Fleetcor/TPS/_packaging/appsemparar/npm/registry/split2/-/split2-4.2.0.tgz"
  integrity sha1-ycWSCQTRSLqwufZxRfJFqGqtv6Q=

string_decoder@^1.3.0:
  version "1.3.0"
  resolved "https://azuredevops.fleetcor.com.br/Fleetcor/TPS/_packaging/appsemparar/npm/registry/string_decoder/-/string_decoder-1.3.0.tgz"
  integrity sha1-QvEUWUpGzxqOMLCoT1bHjD7awh4=
  dependencies:
    safe-buffer "~5.2.0"

thread-stream@^3.0.0:
  version "3.1.0"
  resolved "https://azuredevops.fleetcor.com.br/Fleetcor/TPS/_packaging/appsemparar/npm/registry/thread-stream/-/thread-stream-3.1.0.tgz"
  integrity sha1-Sy7yUqfCFQZFB9TvcMBaXi00xPE=
  dependencies:
    real-require "^0.2.0"

toad-cache@^3.3.0:
  version "3.7.0"
  resolved "https://azuredevops.fleetcor.com.br/Fleetcor/TPS/_packaging/appsemparar/npm/registry/toad-cache/-/toad-cache-3.7.0.tgz"
  integrity sha1-ubYzBOp8Rew02R8dL6UTUXAlxEE=

tsx@^4.16.0:
  version "4.16.0"
  resolved "https://azuredevops.fleetcor.com.br/Fleetcor/TPS/_packaging/appsemparar/npm/registry/tsx/-/tsx-4.16.0.tgz#913dd96f191b76f07a8744201d8c15d510aa1352"
  integrity sha1-kT3ZbxkbdvB6h0QgHYwV1RCqE1I=
  dependencies:
    esbuild "~0.21.5"
    get-tsconfig "^4.7.5"
  optionalDependencies:
    fsevents "~2.3.3"

typescript@^5.5.2:
  version "5.5.2"
  resolved "https://azuredevops.fleetcor.com.br/Fleetcor/TPS/_packaging/appsemparar/npm/registry/typescript/-/typescript-5.5.2.tgz"
  integrity sha1-wm8CPLAFTmV84E9yWD6i2F+NBQc=

undici-types@~5.26.4:
  version "5.26.5"
  resolved "https://azuredevops.fleetcor.com.br/Fleetcor/TPS/_packaging/appsemparar/npm/registry/undici-types/-/undici-types-5.26.5.tgz#bcd539893d00b56e964fd2657a4866b221a65617"
  integrity sha1-vNU5iT0AtW6WT9JlekhmsiGmVhc=

uri-js@^4.4.1:
  version "4.4.1"
  resolved "https://azuredevops.fleetcor.com.br/Fleetcor/TPS/_packaging/appsemparar/npm/registry/uri-js/-/uri-js-4.4.1.tgz"
  integrity sha1-mxpSWVIlhZ5V9mnZKPiMbFfyp34=
  dependencies:
    punycode "^2.1.0"
